
Microsoft Visual Studio Solution File, Format Version 12.00
# Visual Studio 2013
VisualStudioVersion = 12.0.31101.0
MinimumVisualStudioVersion = 10.0.40219.1
Project("{FAE04EC0-301F-11D3-BF4B-00C04F79EFBC}") = "BLL", "BLL\BLL.csproj", "{18FDEAD0-298A-4334-B07B-A79014AB9E0D}"
EndProject
Project("{FAE04EC0-301F-11D3-BF4B-00C04F79EFBC}") = "CDB", "CDB\CDB.csproj", "{6C85CFE6-B990-45E3-8DD2-52F2B010DB06}"
EndProject
Project("{FAE04EC0-301F-11D3-BF4B-00C04F79EFBC}") = "RoyalFitnessUI", "RoyalFitnessUI\RoyalFitnessUI.csproj", "{E29EF106-EDE7-48CC-A4C5-59EA50B2070F}"
EndProject
Global
	GlobalSection(SolutionConfigurationPlatforms) = preSolution
		Debug|Any CPU = Debug|Any CPU
		Release|Any CPU = Release|Any CPU
	EndGlobalSection
	GlobalSection(ProjectConfigurationPlatforms) = postSolution
		{18FDEAD0-298A-4334-B07B-A79014AB9E0D}.Debug|Any CPU.ActiveCfg = Debug|Any CPU
		{18FDEAD0-298A-4334-B07B-A79014AB9E0D}.Debug|Any CPU.Build.0 = Debug|Any CPU
		{18FDEAD0-298A-4334-B07B-A79014AB9E0D}.Release|Any CPU.ActiveCfg = Release|Any CPU
		{18FDEAD0-298A-4334-B07B-A79014AB9E0D}.Release|Any CPU.Build.0 = Release|Any CPU
		{6C85CFE6-B990-45E3-8DD2-52F2B010DB06}.Debug|Any CPU.ActiveCfg = Debug|Any CPU
		{6C85CFE6-B990-45E3-8DD2-52F2B010DB06}.Debug|Any CPU.Build.0 = Debug|Any CPU
		{6C85CFE6-B990-45E3-8DD2-52F2B010DB06}.Release|Any CPU.ActiveCfg = Release|Any CPU
		{6C85CFE6-B990-45E3-8DD2-52F2B010DB06}.Release|Any CPU.Build.0 = Release|Any CPU
		{E29EF106-EDE7-48CC-A4C5-59EA50B2070F}.Debug|Any CPU.ActiveCfg = Debug|Any CPU
		{E29EF106-EDE7-48CC-A4C5-59EA50B2070F}.Debug|Any CPU.Build.0 = Debug|Any CPU
		{E29EF106-EDE7-48CC-A4C5-59EA50B2070F}.Release|Any CPU.ActiveCfg = Release|Any CPU
		{E29EF106-EDE7-48CC-A4C5-59EA50B2070F}.Release|Any CPU.Build.0 = Release|Any CPU
	EndGlobalSection
	GlobalSection(SolutionProperties) = preSolution
		HideSolutionNode = FALSE
	EndGlobalSection
EndGlobal
